
Microsoft Visual Studio Solution File, Format Version 12.00
# Visual Studio Version 16
VisualStudioVersion = 16.0.30804.86
MinimumVisualStudioVersion = 10.0.40219.1
Project("{9A19103F-16F7-4668-BE54-9A1E7A4F7556}") = "MyIdentityServer", "MyIdentityServer\MyIdentityServer.csproj", "{DE8235EC-91A1-435D-8908-12B1F7A97346}"
EndProject
Project("{9A19103F-16F7-4668-BE54-9A1E7A4F7556}") = "ContactService", "ContactService\ContactService.csproj", "{0E901C46-D129-47C1-BB04-FC39BB74CD04}"
EndProject
Project("{9A19103F-16F7-4668-BE54-9A1E7A4F7556}") = "MyOcelot", "MyOcelot\MyOcelot.csproj", "{E9DAC371-F14C-4159-8077-9758EA086F7A}"
EndProject
Global
	GlobalSection(SolutionConfigurationPlatforms) = preSolution
		Debug|Any CPU = Debug|Any CPU
		Release|Any CPU = Release|Any CPU
	EndGlobalSection
	GlobalSection(ProjectConfigurationPlatforms) = postSolution
		{DE8235EC-91A1-435D-8908-12B1F7A97346}.Debug|Any CPU.ActiveCfg = Debug|Any CPU
		{DE8235EC-91A1-435D-8908-12B1F7A97346}.Debug|Any CPU.Build.0 = Debug|Any CPU
		{DE8235EC-91A1-435D-8908-12B1F7A97346}.Release|Any CPU.ActiveCfg = Release|Any CPU
		{DE8235EC-91A1-435D-8908-12B1F7A97346}.Release|Any CPU.Build.0 = Release|Any CPU
		{0E901C46-D129-47C1-BB04-FC39BB74CD04}.Debug|Any CPU.ActiveCfg = Debug|Any CPU
		{0E901C46-D129-47C1-BB04-FC39BB74CD04}.Debug|Any CPU.Build.0 = Debug|Any CPU
		{0E901C46-D129-47C1-BB04-FC39BB74CD04}.Release|Any CPU.ActiveCfg = Release|Any CPU
		{0E901C46-D129-47C1-BB04-FC39BB74CD04}.Release|Any CPU.Build.0 = Release|Any CPU
		{E9DAC371-F14C-4159-8077-9758EA086F7A}.Debug|Any CPU.ActiveCfg = Debug|Any CPU
		{E9DAC371-F14C-4159-8077-9758EA086F7A}.Debug|Any CPU.Build.0 = Debug|Any CPU
		{E9DAC371-F14C-4159-8077-9758EA086F7A}.Release|Any CPU.ActiveCfg = Release|Any CPU
		{E9DAC371-F14C-4159-8077-9758EA086F7A}.Release|Any CPU.Build.0 = Release|Any CPU
	EndGlobalSection
	GlobalSection(SolutionProperties) = preSolution
		HideSolutionNode = FALSE
	EndGlobalSection
	GlobalSection(ExtensibilityGlobals) = postSolution
		SolutionGuid = {EE382725-6096-45DF-8CB2-6348DE6EFFDC}
	EndGlobalSection
EndGlobal
